
Microsoft Visual Studio Solution File, Format Version 12.00
# Visual Studio Version 16
VisualStudioVersion = 16.0.30804.86
MinimumVisualStudioVersion = 10.0.40219.1
Project("{9A19103F-16F7-4668-BE54-9A1E7A4F7556}") = "Business", "Bussines\Business.csproj", "{658A51E0-BC74-4E01-9FC0-D0D97510B5BD}"
EndProject
Project("{9A19103F-16F7-4668-BE54-9A1E7A4F7556}") = "DataAccess", "DataAccess\DataAccess.csproj", "{FEADBF17-4923-4AB3-BE85-7D722731EFDD}"
EndProject
Project("{9A19103F-16F7-4668-BE54-9A1E7A4F7556}") = "Entities", "Entities\Entities.csproj", "{3976A557-A768-4100-BEF0-6AFA7A73F2E4}"
EndProject
Project("{9A19103F-16F7-4668-BE54-9A1E7A4F7556}") = "WebAPI", "WebAPI\WebAPI.csproj", "{8D8CC4ED-39B0-47DC-BFD8-A2AF09ED7D7E}"
EndProject
Project("{9A19103F-16F7-4668-BE54-9A1E7A4F7556}") = "WebAPIWithCoreMvc", "WebAPIWithCoreMvc\WebAPIWithCoreMvc.csproj", "{3C679305-567A-4123-B462-FB4D4EB5646B}"
EndProject
Project("{9A19103F-16F7-4668-BE54-9A1E7A4F7556}") = "WebAPIWithWindowsForm", "WebAPIWithWindowsForm\WebAPIWithWindowsForm.csproj", "{13065D32-7A28-4538-8BB9-CCDD28C94485}"
EndProject
Project("{9A19103F-16F7-4668-BE54-9A1E7A4F7556}") = "Core", "Core\Core.csproj", "{1E84918B-4879-4F2F-A979-A7FA049EF2B3}"
EndProject
Global
	GlobalSection(SolutionConfigurationPlatforms) = preSolution
		Debug|Any CPU = Debug|Any CPU
		Release|Any CPU = Release|Any CPU
	EndGlobalSection
	GlobalSection(ProjectConfigurationPlatforms) = postSolution
		{658A51E0-BC74-4E01-9FC0-D0D97510B5BD}.Debug|Any CPU.ActiveCfg = Debug|Any CPU
		{658A51E0-BC74-4E01-9FC0-D0D97510B5BD}.Debug|Any CPU.Build.0 = Debug|Any CPU
		{658A51E0-BC74-4E01-9FC0-D0D97510B5BD}.Release|Any CPU.ActiveCfg = Release|Any CPU
		{658A51E0-BC74-4E01-9FC0-D0D97510B5BD}.Release|Any CPU.Build.0 = Release|Any CPU
		{FEADBF17-4923-4AB3-BE85-7D722731EFDD}.Debug|Any CPU.ActiveCfg = Debug|Any CPU
		{FEADBF17-4923-4AB3-BE85-7D722731EFDD}.Debug|Any CPU.Build.0 = Debug|Any CPU
		{FEADBF17-4923-4AB3-BE85-7D722731EFDD}.Release|Any CPU.ActiveCfg = Release|Any CPU
		{FEADBF17-4923-4AB3-BE85-7D722731EFDD}.Release|Any CPU.Build.0 = Release|Any CPU
		{3976A557-A768-4100-BEF0-6AFA7A73F2E4}.Debug|Any CPU.ActiveCfg = Debug|Any CPU
		{3976A557-A768-4100-BEF0-6AFA7A73F2E4}.Debug|Any CPU.Build.0 = Debug|Any CPU
		{3976A557-A768-4100-BEF0-6AFA7A73F2E4}.Release|Any CPU.ActiveCfg = Release|Any CPU
		{3976A557-A768-4100-BEF0-6AFA7A73F2E4}.Release|Any CPU.Build.0 = Release|Any CPU
		{8D8CC4ED-39B0-47DC-BFD8-A2AF09ED7D7E}.Debug|Any CPU.ActiveCfg = Debug|Any CPU
		{8D8CC4ED-39B0-47DC-BFD8-A2AF09ED7D7E}.Debug|Any CPU.Build.0 = Debug|Any CPU
		{8D8CC4ED-39B0-47DC-BFD8-A2AF09ED7D7E}.Release|Any CPU.ActiveCfg = Release|Any CPU
		{8D8CC4ED-39B0-47DC-BFD8-A2AF09ED7D7E}.Release|Any CPU.Build.0 = Release|Any CPU
		{3C679305-567A-4123-B462-FB4D4EB5646B}.Debug|Any CPU.ActiveCfg = Debug|Any CPU
		{3C679305-567A-4123-B462-FB4D4EB5646B}.Debug|Any CPU.Build.0 = Debug|Any CPU
		{3C679305-567A-4123-B462-FB4D4EB5646B}.Release|Any CPU.ActiveCfg = Release|Any CPU
		{3C679305-567A-4123-B462-FB4D4EB5646B}.Release|Any CPU.Build.0 = Release|Any CPU
		{13065D32-7A28-4538-8BB9-CCDD28C94485}.Debug|Any CPU.ActiveCfg = Debug|Any CPU
		{13065D32-7A28-4538-8BB9-CCDD28C94485}.Debug|Any CPU.Build.0 = Debug|Any CPU
		{13065D32-7A28-4538-8BB9-CCDD28C94485}.Release|Any CPU.ActiveCfg = Release|Any CPU
		{13065D32-7A28-4538-8BB9-CCDD28C94485}.Release|Any CPU.Build.0 = Release|Any CPU
		{1E84918B-4879-4F2F-A979-A7FA049EF2B3}.Debug|Any CPU.ActiveCfg = Debug|Any CPU
		{1E84918B-4879-4F2F-A979-A7FA049EF2B3}.Debug|Any CPU.Build.0 = Debug|Any CPU
		{1E84918B-4879-4F2F-A979-A7FA049EF2B3}.Release|Any CPU.ActiveCfg = Release|Any CPU
		{1E84918B-4879-4F2F-A979-A7FA049EF2B3}.Release|Any CPU.Build.0 = Release|Any CPU
	EndGlobalSection
	GlobalSection(SolutionProperties) = preSolution
		HideSolutionNode = FALSE
	EndGlobalSection
	GlobalSection(ExtensibilityGlobals) = postSolution
		SolutionGuid = {C22B558B-D1F4-4B65-8CE1-0A5E5A93B1D0}
	EndGlobalSection
EndGlobal
